
Microsoft Visual Studio Solution File, Format Version 12.00
# Visual Studio Version 16
VisualStudioVersion = 16.0.31402.337
MinimumVisualStudioVersion = 10.0.40219.1
Project("{9A19103F-16F7-4668-BE54-9A1E7A4F7556}") = "AnagramSolver.Cli", "AnagramSolver\AnagramSolver.Cli.csproj", "{0A4F3563-94B0-4667-9EB2-00E188EB8D52}"
EndProject
Project("{9A19103F-16F7-4668-BE54-9A1E7A4F7556}") = "AnagramSolver.BusinessLogic", "AnagramSolver.BusinessLogic\AnagramSolver.BusinessLogic.csproj", "{F25D0FD1-A639-42E3-A0B4-B785C94BA4D7}"
EndProject
Project("{9A19103F-16F7-4668-BE54-9A1E7A4F7556}") = "AnagramSolver.Contracts", "AnagramSolver.Contracts\AnagramSolver.Contracts.csproj", "{DE9435CF-4150-488E-BEAD-8E14BFC330A0}"
EndProject
Project("{9A19103F-16F7-4668-BE54-9A1E7A4F7556}") = "AnagramSolver.Tests", "AnagramSolver.Tests\AnagramSolver.Tests.csproj", "{8960EF15-EE12-482F-AB3E-9EDC5A653126}"
EndProject
Project("{9A19103F-16F7-4668-BE54-9A1E7A4F7556}") = "AnagramSolver.WebApp", "AnagramSolver.WebApp\AnagramSolver.WebApp.csproj", "{F394C7A1-2549-416F-9320-22445BED7918}"
EndProject
Project("{00D1A9C2-B5F0-4AF3-8072-F6C62B433612}") = "AnagramSolver.EF.DatabaseFirst", "AnagramSolver.EF.DatabaseFirst\AnagramSolver.EF.DatabaseFirst.sqlproj", "{0B9365C0-847E-487D-A2B0-AAB8EB4BA03D}"
EndProject
Global
	GlobalSection(SolutionConfigurationPlatforms) = preSolution
		Debug|Any CPU = Debug|Any CPU
		Release|Any CPU = Release|Any CPU
	EndGlobalSection
	GlobalSection(ProjectConfigurationPlatforms) = postSolution
		{0A4F3563-94B0-4667-9EB2-00E188EB8D52}.Debug|Any CPU.ActiveCfg = Debug|Any CPU
		{0A4F3563-94B0-4667-9EB2-00E188EB8D52}.Debug|Any CPU.Build.0 = Debug|Any CPU
		{0A4F3563-94B0-4667-9EB2-00E188EB8D52}.Release|Any CPU.ActiveCfg = Release|Any CPU
		{0A4F3563-94B0-4667-9EB2-00E188EB8D52}.Release|Any CPU.Build.0 = Release|Any CPU
		{F25D0FD1-A639-42E3-A0B4-B785C94BA4D7}.Debug|Any CPU.ActiveCfg = Debug|Any CPU
		{F25D0FD1-A639-42E3-A0B4-B785C94BA4D7}.Debug|Any CPU.Build.0 = Debug|Any CPU
		{F25D0FD1-A639-42E3-A0B4-B785C94BA4D7}.Release|Any CPU.ActiveCfg = Release|Any CPU
		{F25D0FD1-A639-42E3-A0B4-B785C94BA4D7}.Release|Any CPU.Build.0 = Release|Any CPU
		{DE9435CF-4150-488E-BEAD-8E14BFC330A0}.Debug|Any CPU.ActiveCfg = Debug|Any CPU
		{DE9435CF-4150-488E-BEAD-8E14BFC330A0}.Debug|Any CPU.Build.0 = Debug|Any CPU
		{DE9435CF-4150-488E-BEAD-8E14BFC330A0}.Release|Any CPU.ActiveCfg = Release|Any CPU
		{DE9435CF-4150-488E-BEAD-8E14BFC330A0}.Release|Any CPU.Build.0 = Release|Any CPU
		{8960EF15-EE12-482F-AB3E-9EDC5A653126}.Debug|Any CPU.ActiveCfg = Debug|Any CPU
		{8960EF15-EE12-482F-AB3E-9EDC5A653126}.Debug|Any CPU.Build.0 = Debug|Any CPU
		{8960EF15-EE12-482F-AB3E-9EDC5A653126}.Release|Any CPU.ActiveCfg = Release|Any CPU
		{8960EF15-EE12-482F-AB3E-9EDC5A653126}.Release|Any CPU.Build.0 = Release|Any CPU
		{F394C7A1-2549-416F-9320-22445BED7918}.Debug|Any CPU.ActiveCfg = Debug|Any CPU
		{F394C7A1-2549-416F-9320-22445BED7918}.Debug|Any CPU.Build.0 = Debug|Any CPU
		{F394C7A1-2549-416F-9320-22445BED7918}.Release|Any CPU.ActiveCfg = Release|Any CPU
		{F394C7A1-2549-416F-9320-22445BED7918}.Release|Any CPU.Build.0 = Release|Any CPU
		{0B9365C0-847E-487D-A2B0-AAB8EB4BA03D}.Debug|Any CPU.ActiveCfg = Debug|Any CPU
		{0B9365C0-847E-487D-A2B0-AAB8EB4BA03D}.Debug|Any CPU.Build.0 = Debug|Any CPU
		{0B9365C0-847E-487D-A2B0-AAB8EB4BA03D}.Debug|Any CPU.Deploy.0 = Debug|Any CPU
		{0B9365C0-847E-487D-A2B0-AAB8EB4BA03D}.Release|Any CPU.ActiveCfg = Release|Any CPU
		{0B9365C0-847E-487D-A2B0-AAB8EB4BA03D}.Release|Any CPU.Build.0 = Release|Any CPU
		{0B9365C0-847E-487D-A2B0-AAB8EB4BA03D}.Release|Any CPU.Deploy.0 = Release|Any CPU
	EndGlobalSection
	GlobalSection(SolutionProperties) = preSolution
		HideSolutionNode = FALSE
	EndGlobalSection
	GlobalSection(ExtensibilityGlobals) = postSolution
		SolutionGuid = {9330AF70-C63D-4A98-9A83-E1762E280621}
	EndGlobalSection
EndGlobal
